// !$*UTF8*$!
{
	archiveVersion = 1;
	classes = {
	};
	objectVersion = 56;
	objects = {

/* Begin PBXBuildFile section */
		4FBD995D29AFAE9300D9228D /* AppDelegate.swift in Sources */ = {isa = PBXBuildFile; fileRef = 4FBD995C29AFAE9300D9228D /* AppDelegate.swift */; };
		4FBD995F29AFAE9300D9228D /* SceneDelegate.swift in Sources */ = {isa = PBXBuildFile; fileRef = 4FBD995E29AFAE9300D9228D /* SceneDelegate.swift */; };
		4FBD996129AFAE9300D9228D /* ViewController.swift in Sources */ = {isa = PBXBuildFile; fileRef = 4FBD996029AFAE9300D9228D /* ViewController.swift */; };
		4FBD996429AFAE9300D9228D /* Main.storyboard in Resources */ = {isa = PBXBuildFile; fileRef = 4FBD996229AFAE9300D9228D /* Main.storyboard */; };
		4FBD996629AFAE9400D9228D /* Assets.xcassets in Resources */ = {isa = PBXBuildFile; fileRef = 4FBD996529AFAE9400D9228D /* Assets.xcassets */; };
		4FBD996929AFAE9400D9228D /* LaunchScreen.storyboard in Resources */ = {isa = PBXBuildFile; fileRef = 4FBD996729AFAE9400D9228D /* LaunchScreen.storyboard */; };
		4FBD997229AFB16E00D9228D /* RxBlocking in Frameworks */ = {isa = PBXBuildFile; productRef = 4FBD997129AFB16E00D9228D /* RxBlocking */; };
		4FBD997429AFB16E00D9228D /* RxCocoa in Frameworks */ = {isa = PBXBuildFile; productRef = 4FBD997329AFB16E00D9228D /* RxCocoa */; };
		4FBD997629AFB16E00D9228D /* RxRelay in Frameworks */ = {isa = PBXBuildFile; productRef = 4FBD997529AFB16E00D9228D /* RxRelay */; };
		4FBD997829AFB16E00D9228D /* RxSwift in Frameworks */ = {isa = PBXBuildFile; productRef = 4FBD997729AFB16E00D9228D /* RxSwift */; };
		4FBD997B29AFB17C00D9228D /* SnapKit in Frameworks */ = {isa = PBXBuildFile; productRef = 4FBD997A29AFB17C00D9228D /* SnapKit */; };
		4FBD997D29AFB8E000D9228D /* ViewModel.swift in Sources */ = {isa = PBXBuildFile; fileRef = 4FBD997C29AFB8E000D9228D /* ViewModel.swift */; };
/* End PBXBuildFile section */

/* Begin PBXFileReference section */
		4FBD995929AFAE9300D9228D /* CombineVersusRx.app */ = {isa = PBXFileReference; explicitFileType = wrapper.application; includeInIndex = 0; path = CombineVersusRx.app; sourceTree = BUILT_PRODUCTS_DIR; };
		4FBD995C29AFAE9300D9228D /* AppDelegate.swift */ = {isa = PBXFileReference; lastKnownFileType = sourcecode.swift; path = AppDelegate.swift; sourceTree = "<group>"; };
		4FBD995E29AFAE9300D9228D /* SceneDelegate.swift */ = {isa = PBXFileReference; lastKnownFileType = sourcecode.swift; path = SceneDelegate.swift; sourceTree = "<group>"; };
		4FBD996029AFAE9300D9228D /* ViewController.swift */ = {isa = PBXFileReference; lastKnownFileType = sourcecode.swift; path = ViewController.swift; sourceTree = "<group>"; };
		4FBD996329AFAE9300D9228D /* Base */ = {isa = PBXFileReference; lastKnownFileType = file.storyboard; name = Base; path = Base.lproj/Main.storyboard; sourceTree = "<group>"; };
		4FBD996529AFAE9400D9228D /* Assets.xcassets */ = {isa = PBXFileReference; lastKnownFileType = folder.assetcatalog; path = Assets.xcassets; sourceTree = "<group>"; };
		4FBD996829AFAE9400D9228D /* Base */ = {isa = PBXFileReference; lastKnownFileType = file.storyboard; name = Base; path = Base.lproj/LaunchScreen.storyboard; sourceTree = "<group>"; };
		4FBD996A29AFAE9400D9228D /* Info.plist */ = {isa = PBXFileReference; lastKnownFileType = text.plist.xml; path = Info.plist; sourceTree = "<group>"; };
		4FBD997C29AFB8E000D9228D /* ViewModel.swift */ = {isa = PBXFileReference; lastKnownFileType = sourcecode.swift; path = ViewModel.swift; sourceTree = "<group>"; };
/* End PBXFileReference section */

/* Begin PBXFrameworksBuildPhase section */
		4FBD995629AFAE9300D9228D /* Frameworks */ = {
			isa = PBXFrameworksBuildPhase;
			buildActionMask = 2147483647;
			files = (
				4FBD997629AFB16E00D9228D /* RxRelay in Frameworks */,
				4FBD997429AFB16E00D9228D /* RxCocoa in Frameworks */,
				4FBD997829AFB16E00D9228D /* RxSwift in Frameworks */,
				4FBD997229AFB16E00D9228D /* RxBlocking in Frameworks */,
				4FBD997B29AFB17C00D9228D /* SnapKit in Frameworks */,
			);
			runOnlyForDeploymentPostprocessing = 0;
		};
/* End PBXFrameworksBuildPhase section */

/* Begin PBXGroup section */
		4FBD995029AFAE9300D9228D = {
			isa = PBXGroup;
			children = (
				4FBD995B29AFAE9300D9228D /* CombineVersusRx */,
				4FBD995A29AFAE9300D9228D /* Products */,
			);
			sourceTree = "<group>";
		};
		4FBD995A29AFAE9300D9228D /* Products */ = {
			isa = PBXGroup;
			children = (
				4FBD995929AFAE9300D9228D /* CombineVersusRx.app */,
			);
			name = Products;
			sourceTree = "<group>";
		};
		4FBD995B29AFAE9300D9228D /* CombineVersusRx */ = {
			isa = PBXGroup;
			children = (
				4FBD995C29AFAE9300D9228D /* AppDelegate.swift */,
				4FBD995E29AFAE9300D9228D /* SceneDelegate.swift */,
				4FBD996029AFAE9300D9228D /* ViewController.swift */,
				4FBD997C29AFB8E000D9228D /* ViewModel.swift */,
				4FBD996229AFAE9300D9228D /* Main.storyboard */,
				4FBD996529AFAE9400D9228D /* Assets.xcassets */,
				4FBD996729AFAE9400D9228D /* LaunchScreen.storyboard */,
				4FBD996A29AFAE9400D9228D /* Info.plist */,
			);
			path = CombineVersusRx;
			sourceTree = "<group>";
		};
/* End PBXGroup section */

/* Begin PBXNativeTarget section */
		4FBD995829AFAE9300D9228D /* CombineVersusRx */ = {
			isa = PBXNativeTarget;
			buildConfigurationList = 4FBD996D29AFAE9400D9228D /* Build configuration list for PBXNativeTarget "CombineVersusRx" */;
			buildPhases = (
				4FBD995529AFAE9300D9228D /* Sources */,
				4FBD995629AFAE9300D9228D /* Frameworks */,
				4FBD995729AFAE9300D9228D /* Resources */,
			);
			buildRules = (
			);
			dependencies = (
			);
			name = CombineVersusRx;
			packageProductDependencies = (
				4FBD997129AFB16E00D9228D /* RxBlocking */,
				4FBD997329AFB16E00D9228D /* RxCocoa */,
				4FBD997529AFB16E00D9228D /* RxRelay */,
				4FBD997729AFB16E00D9228D /* RxSwift */,
				4FBD997A29AFB17C00D9228D /* SnapKit */,
			);
			productName = CombineVersusRx;
			productReference = 4FBD995929AFAE9300D9228D /* CombineVersusRx.app */;
			productType = "com.apple.product-type.application";
		};
/* End PBXNativeTarget section */

/* Begin PBXProject section */
		4FBD995129AFAE9300D9228D /* Project object */ = {
			isa = PBXProject;
			attributes = {
				BuildIndependentTargetsInParallel = 1;
				LastSwiftUpdateCheck = 1410;
				LastUpgradeCheck = 1410;
				TargetAttributes = {
					4FBD995829AFAE9300D9228D = {
						CreatedOnToolsVersion = 14.1;
					};
				};
			};
			buildConfigurationList = 4FBD995429AFAE9300D9228D /* Build configuration list for PBXProject "CombineVersusRx" */;
			compatibilityVersion = "Xcode 14.0";
			developmentRegion = en;
			hasScannedForEncodings = 0;
			knownRegions = (
				en,
				Base,
			);
			mainGroup = 4FBD995029AFAE9300D9228D;
			packageReferences = (
				4FBD997029AFB16E00D9228D /* XCRemoteSwiftPackageReference "RxSwift" */,
				4FBD997929AFB17C00D9228D /* XCRemoteSwiftPackageReference "SnapKit" */,
			);
			productRefGroup = 4FBD995A29AFAE9300D9228D /* Products */;
			projectDirPath = "";
			projectRoot = "";
			targets = (
				4FBD995829AFAE9300D9228D /* CombineVersusRx */,
			);
		};
/* End PBXProject section */

/* Begin PBXResourcesBuildPhase section */
		4FBD995729AFAE9300D9228D /* Resources */ = {
			isa = PBXResourcesBuildPhase;
			buildActionMask = 2147483647;
			files = (
				4FBD996929AFAE9400D9228D /* LaunchScreen.storyboard in Resources */,
				4FBD996629AFAE9400D9228D /* Assets.xcassets in Resources */,
				4FBD996429AFAE9300D9228D /* Main.storyboard in Resources */,
			);
			runOnlyForDeploymentPostprocessing = 0;
		};
/* End PBXResourcesBuildPhase section */

/* Begin PBXSourcesBuildPhase section */
		4FBD995529AFAE9300D9228D /* Sources */ = {
			isa = PBXSourcesBuildPhase;
			buildActionMask = 2147483647;
			files = (
				4FBD996129AFAE9300D9228D /* ViewController.swift in Sources */,
				4FBD995D29AFAE9300D9228D /* AppDelegate.swift in Sources */,
				4FBD997D29AFB8E000D9228D /* ViewModel.swift in Sources */,
				4FBD995F29AFAE9300D9228D /* SceneDelegate.swift in Sources */,
			);
			runOnlyForDeploymentPostprocessing = 0;
		};
/* End PBXSourcesBuildPhase section */

/* Begin PBXVariantGroup section */
		4FBD996229AFAE9300D9228D /* Main.storyboard */ = {
			isa = PBXVariantGroup;
			children = (
				4FBD996329AFAE9300D9228D /* Base */,
			);
			name = Main.storyboard;
			sourceTree = "<group>";
		};
		4FBD996729AFAE9400D9228D /* LaunchScreen.storyboard */ = {
			isa = PBXVariantGroup;
			children = (
				4FBD996829AFAE9400D9228D /* Base */,
			);
			name = LaunchScreen.storyboard;
			sourceTree = "<group>";
		};
/* End PBXVariantGroup section */

/* Begin XCBuildConfiguration section */
		4FBD996B29AFAE9400D9228D /* Debug */ = {
			isa = XCBuildConfiguration;
			buildSettings = {
				ALWAYS_SEARCH_USER_PATHS = NO;
				CLANG_ANALYZER_NONNULL = YES;
				CLANG_ANALYZER_NUMBER_OBJECT_CONVERSION = YES_AGGRESSIVE;
				CLANG_CXX_LANGUAGE_STANDARD = "gnu++20";
				CLANG_ENABLE_MODULES = YES;
				CLANG_ENABLE_OBJC_ARC = YES;
				CLANG_ENABLE_OBJC_WEAK = YES;
				CLANG_WARN_BLOCK_CAPTURE_AUTORELEASING = YES;
				CLANG_WARN_BOOL_CONVERSION = YES;
				CLANG_WARN_COMMA = YES;
				CLANG_WARN_CONSTANT_CONVERSION = YES;
				CLANG_WARN_DEPRECATED_OBJC_IMPLEMENTATIONS = YES;
				CLANG_WARN_DIRECT_OBJC_ISA_USAGE = YES_ERROR;
				CLANG_WARN_DOCUMENTATION_COMMENTS = YES;
				CLANG_WARN_EMPTY_BODY = YES;
				CLANG_WARN_ENUM_CONVERSION = YES;
				CLANG_WARN_INFINITE_RECURSION = YES;
				CLANG_WARN_INT_CONVERSION = YES;
				CLANG_WARN_NON_LITERAL_NULL_CONVERSION = YES;
				CLANG_WARN_OBJC_IMPLICIT_RETAIN_SELF = YES;
				CLANG_WARN_OBJC_LITERAL_CONVERSION = YES;
				CLANG_WARN_OBJC_ROOT_CLASS = YES_ERROR;
				CLANG_WARN_QUOTED_INCLUDE_IN_FRAMEWORK_HEADER = YES;
				CLANG_WARN_RANGE_LOOP_ANALYSIS = YES;
				CLANG_WARN_STRICT_PROTOTYPES = YES;
				CLANG_WARN_SUSPICIOUS_MOVE = YES;
				CLANG_WARN_UNGUARDED_AVAILABILITY = YES_AGGRESSIVE;
				CLANG_WARN_UNREACHABLE_CODE = YES;
				CLANG_WARN__DUPLICATE_METHOD_MATCH = YES;
				COPY_PHASE_STRIP = NO;
				DEBUG_INFORMATION_FORMAT = dwarf;
				ENABLE_STRICT_OBJC_MSGSEND = YES;
				ENABLE_TESTABILITY = YES;
				GCC_C_LANGUAGE_STANDARD = gnu11;
				GCC_DYNAMIC_NO_PIC = NO;
				GCC_NO_COMMON_BLOCKS = YES;
				GCC_OPTIMIZATION_LEVEL = 0;
				GCC_PREPROCESSOR_DEFINITIONS = (
					"DEBUG=1",
					"$(inherited)",
				);
				GCC_WARN_64_TO_32_BIT_CONVERSION = YES;
				GCC_WARN_ABOUT_RETURN_TYPE = YES_ERROR;
				GCC_WARN_UNDECLARED_SELECTOR = YES;
				GCC_WARN_UNINITIALIZED_AUTOS = YES_AGGRESSIVE;
				GCC_WARN_UNUSED_FUNCTION = YES;
				GCC_WARN_UNUSED_VARIABLE = YES;
				IPHONEOS_DEPLOYMENT_TARGET = 16.1;
				MTL_ENABLE_DEBUG_INFO = INCLUDE_SOURCE;
				MTL_FAST_MATH = YES;
				ONLY_ACTIVE_ARCH = YES;
				SDKROOT = iphoneos;
				SWIFT_ACTIVE_COMPILATION_CONDITIONS = DEBUG;
				SWIFT_OPTIMIZATION_LEVEL = "-Onone";
			};
			name = Debug;
		};
		4FBD996C29AFAE9400D9228D /* Release */ = {
			isa = XCBuildConfiguration;
			buildSettings = {
				ALWAYS_SEARCH_USER_PATHS = NO;
				CLANG_ANALYZER_NONNULL = YES;
				CLANG_ANALYZER_NUMBER_OBJECT_CONVERSION = YES_AGGRESSIVE;
				CLANG_CXX_LANGUAGE_STANDARD = "gnu++20";
				CLANG_ENABLE_MODULES = YES;
				CLANG_ENABLE_OBJC_ARC = YES;
				CLANG_ENABLE_OBJC_WEAK = YES;
				CLANG_WARN_BLOCK_CAPTURE_AUTORELEASING = YES;
				CLANG_WARN_BOOL_CONVERSION = YES;
				CLANG_WARN_COMMA = YES;
				CLANG_WARN_CONSTANT_CONVERSION = YES;
				CLANG_WARN_DEPRECATED_OBJC_IMPLEMENTATIONS = YES;
				CLANG_WARN_DIRECT_OBJC_ISA_USAGE = YES_ERROR;
				CLANG_WARN_DOCUMENTATION_COMMENTS = YES;
				CLANG_WARN_EMPTY_BODY = YES;
				CLANG_WARN_ENUM_CONVERSION = YES;
				CLANG_WARN_INFINITE_RECURSION = YES;
				CLANG_WARN_INT_CONVERSION = YES;
				CLANG_WARN_NON_LITERAL_NULL_CONVERSION = YES;
				CLANG_WARN_OBJC_IMPLICIT_RETAIN_SELF = YES;
				CLANG_WARN_OBJC_LITERAL_CONVERSION = YES;
				CLANG_WARN_OBJC_ROOT_CLASS = YES_ERROR;
				CLANG_WARN_QUOTED_INCLUDE_IN_FRAMEWORK_HEADER = YES;
				CLANG_WARN_RANGE_LOOP_ANALYSIS = YES;
				CLANG_WARN_STRICT_PROTOTYPES = YES;
				CLANG_WARN_SUSPICIOUS_MOVE = YES;
				CLANG_WARN_UNGUARDED_AVAILABILITY = YES_AGGRESSIVE;
				CLANG_WARN_UNREACHABLE_CODE = YES;
				CLANG_WARN__DUPLICATE_METHOD_MATCH = YES;
				COPY_PHASE_STRIP = NO;
				DEBUG_INFORMATION_FORMAT = "dwarf-with-dsym";
				ENABLE_NS_ASSERTIONS = NO;
				ENABLE_STRICT_OBJC_MSGSEND = YES;
				GCC_C_LANGUAGE_STANDARD = gnu11;
				GCC_NO_COMMON_BLOCKS = YES;
				GCC_WARN_64_TO_32_BIT_CONVERSION = YES;
				GCC_WARN_ABOUT_RETURN_TYPE = YES_ERROR;
				GCC_WARN_UNDECLARED_SELECTOR = YES;
				GCC_WARN_UNINITIALIZED_AUTOS = YES_AGGRESSIVE;
				GCC_WARN_UNUSED_FUNCTION = YES;
				GCC_WARN_UNUSED_VARIABLE = YES;
				IPHONEOS_DEPLOYMENT_TARGET = 16.1;
				MTL_ENABLE_DEBUG_INFO = NO;
				MTL_FAST_MATH = YES;
				SDKROOT = iphoneos;
				SWIFT_COMPILATION_MODE = wholemodule;
				SWIFT_OPTIMIZATION_LEVEL = "-O";
				VALIDATE_PRODUCT = YES;
			};
			name = Release;
		};
		4FBD996E29AFAE9400D9228D /* Debug */ = {
			isa = XCBuildConfiguration;
			buildSettings = {
				ASSETCATALOG_COMPILER_APPICON_NAME = AppIcon;
				ASSETCATALOG_COMPILER_GLOBAL_ACCENT_COLOR_NAME = AccentColor;
				CODE_SIGN_STYLE = Automatic;
				CURRENT_PROJECT_VERSION = 1;
				DEVELOPMENT_TEAM = H5UNW2D34P;
				GENERATE_INFOPLIST_FILE = YES;
				INFOPLIST_FILE = CombineVersusRx/Info.plist;
				INFOPLIST_KEY_UIApplicationSupportsIndirectInputEvents = YES;
				INFOPLIST_KEY_UILaunchStoryboardName = LaunchScreen;
				INFOPLIST_KEY_UIMainStoryboardFile = Main;
				INFOPLIST_KEY_UISupportedInterfaceOrientations_iPad = "UIInterfaceOrientationPortrait UIInterfaceOrientationPortraitUpsideDown UIInterfaceOrientationLandscapeLeft UIInterfaceOrientationLandscapeRight";
				INFOPLIST_KEY_UISupportedInterfaceOrientations_iPhone = "UIInterfaceOrientationPortrait UIInterfaceOrientationLandscapeLeft UIInterfaceOrientationLandscapeRight";
				LD_RUNPATH_SEARCH_PATHS = (
					"$(inherited)",
					"@executable_path/Frameworks",
				);
				MARKETING_VERSION = 1.0;
				PRODUCT_BUNDLE_IDENTIFIER = com.oldstar.CombineVersusRx;
				PRODUCT_NAME = "$(TARGET_NAME)";
				SWIFT_EMIT_LOC_STRINGS = YES;
				SWIFT_VERSION = 5.0;
				TARGETED_DEVICE_FAMILY = "1,2";
			};
			name = Debug;
		};
		4FBD996F29AFAE9400D9228D /* Release */ = {
			isa = XCBuildConfiguration;
			buildSettings = {
				ASSETCATALOG_COMPILER_APPICON_NAME = AppIcon;
				ASSETCATALOG_COMPILER_GLOBAL_ACCENT_COLOR_NAME = AccentColor;
				CODE_SIGN_STYLE = Automatic;
				CURRENT_PROJECT_VERSION = 1;
				DEVELOPMENT_TEAM = H5UNW2D34P;
				GENERATE_INFOPLIST_FILE = YES;
				INFOPLIST_FILE = CombineVersusRx/Info.plist;
				INFOPLIST_KEY_UIApplicationSupportsIndirectInputEvents = YES;
				INFOPLIST_KEY_UILaunchStoryboardName = LaunchScreen;
				INFOPLIST_KEY_UIMainStoryboardFile = Main;
				INFOPLIST_KEY_UISupportedInterfaceOrientations_iPad = "UIInterfaceOrientationPortrait UIInterfaceOrientationPortraitUpsideDown UIInterfaceOrientationLandscapeLeft UIInterfaceOrientationLandscapeRight";
				INFOPLIST_KEY_UISupportedInterfaceOrientations_iPhone = "UIInterfaceOrientationPortrait UIInterfaceOrientationLandscapeLeft UIInterfaceOrientationLandscapeRight";
				LD_RUNPATH_SEARCH_PATHS = (
					"$(inherited)",
					"@executable_path/Frameworks",
				);
				MARKETING_VERSION = 1.0;
				PRODUCT_BUNDLE_IDENTIFIER = com.oldstar.CombineVersusRx;
				PRODUCT_NAME = "$(TARGET_NAME)";
				SWIFT_EMIT_LOC_STRINGS = YES;
				SWIFT_VERSION = 5.0;
				TARGETED_DEVICE_FAMILY = "1,2";
			};
			name = Release;
		};
/* End XCBuildConfiguration section */

/* Begin XCConfigurationList section */
		4FBD995429AFAE9300D9228D /* Build configuration list for PBXProject "CombineVersusRx" */ = {
			isa = XCConfigurationList;
			buildConfigurations = (
				4FBD996B29AFAE9400D9228D /* Debug */,
				4FBD996C29AFAE9400D9228D /* Release */,
			);
			defaultConfigurationIsVisible = 0;
			defaultConfigurationName = Release;
		};
		4FBD996D29AFAE9400D9228D /* Build configuration list for PBXNativeTarget "CombineVersusRx" */ = {
			isa = XCConfigurationList;
			buildConfigurations = (
				4FBD996E29AFAE9400D9228D /* Debug */,
				4FBD996F29AFAE9400D9228D /* Release */,
			);
			defaultConfigurationIsVisible = 0;
			defaultConfigurationName = Release;
		};
/* End XCConfigurationList section */

/* Begin XCRemoteSwiftPackageReference section */
		4FBD997029AFB16E00D9228D /* XCRemoteSwiftPackageReference "RxSwift" */ = {
			isa = XCRemoteSwiftPackageReference;
			repositoryURL = "https://github.com/ReactiveX/RxSwift";
			requirement = {
				branch = main;
				kind = branch;
			};
		};
		4FBD997929AFB17C00D9228D /* XCRemoteSwiftPackageReference "SnapKit" */ = {
			isa = XCRemoteSwiftPackageReference;
			repositoryURL = "https://github.com/SnapKit/SnapKit";
			requirement = {
				branch = develop;
				kind = branch;
			};
		};
/* End XCRemoteSwiftPackageReference section */

/* Begin XCSwiftPackageProductDependency section */
		4FBD997129AFB16E00D9228D /* RxBlocking */ = {
			isa = XCSwiftPackageProductDependency;
			package = 4FBD997029AFB16E00D9228D /* XCRemoteSwiftPackageReference "RxSwift" */;
			productName = RxBlocking;
		};
		4FBD997329AFB16E00D9228D /* RxCocoa */ = {
			isa = XCSwiftPackageProductDependency;
			package = 4FBD997029AFB16E00D9228D /* XCRemoteSwiftPackageReference "RxSwift" */;
			productName = RxCocoa;
		};
		4FBD997529AFB16E00D9228D /* RxRelay */ = {
			isa = XCSwiftPackageProductDependency;
			package = 4FBD997029AFB16E00D9228D /* XCRemoteSwiftPackageReference "RxSwift" */;
			productName = RxRelay;
		};
		4FBD997729AFB16E00D9228D /* RxSwift */ = {
			isa = XCSwiftPackageProductDependency;
			package = 4FBD997029AFB16E00D9228D /* XCRemoteSwiftPackageReference "RxSwift" */;
			productName = RxSwift;
		};
		4FBD997A29AFB17C00D9228D /* SnapKit */ = {
			isa = XCSwiftPackageProductDependency;
			package = 4FBD997929AFB17C00D9228D /* XCRemoteSwiftPackageReference "SnapKit" */;
			productName = SnapKit;
		};
/* End XCSwiftPackageProductDependency section */
	};
	rootObject = 4FBD995129AFAE9300D9228D /* Project object */;
}
